
Microsoft Visual Studio Solution File, Format Version 12.00
# Visual Studio Version 16
VisualStudioVersion = 16.0.29215.179
MinimumVisualStudioVersion = 10.0.40219.1
Project("{FAE04EC0-301F-11D3-BF4B-00C04F79EFBC}") = "MVCDemo", "MVCDemo.csproj", "{860100BE-36D3-4FF8-8B42-08640F135211}"
EndProject
Global
	GlobalSection(SolutionConfigurationPlatforms) = preSolution
		Debug|Any CPU = Debug|Any CPU
		Release|Any CPU = Release|Any CPU
	EndGlobalSection
	GlobalSection(ProjectConfigurationPlatforms) = postSolution
		{860100BE-36D3-4FF8-8B42-08640F135211}.Debug|Any CPU.ActiveCfg = Debug|Any CPU
		{860100BE-36D3-4FF8-8B42-08640F135211}.Debug|Any CPU.Build.0 = Debug|Any CPU
		{860100BE-36D3-4FF8-8B42-08640F135211}.Release|Any CPU.ActiveCfg = Release|Any CPU
		{860100BE-36D3-4FF8-8B42-08640F135211}.Release|Any CPU.Build.0 = Release|Any CPU
	EndGlobalSection
	GlobalSection(SolutionProperties) = preSolution
		HideSolutionNode = FALSE
	EndGlobalSection
	GlobalSection(ExtensibilityGlobals) = postSolution
		SolutionGuid = {6E86EFAB-6DC4-4D94-BBC8-97B7DC49D34F}
	EndGlobalSection
EndGlobal
